
Microsoft Visual Studio Solution File, Format Version 12.00
# Visual Studio Version 17
VisualStudioVersion = 17.1.32328.378
MinimumVisualStudioVersion = 10.0.40219.1
Project("{9A19103F-16F7-4668-BE54-9A1E7A4F7556}") = "AluraChallenge.Adopet.Domain", "src\AluraChallenge.Adopet.Domain\AluraChallenge.Adopet.Domain.csproj", "{F1998DB7-F529-4FFD-8D21-3442E2488596}"
EndProject
Project("{9A19103F-16F7-4668-BE54-9A1E7A4F7556}") = "AluraChallenge.Adopet.Data", "src\AluraChallenge.Adopet.Data\AluraChallenge.Adopet.Data.csproj", "{1F9B3458-A942-469A-9B92-4C0F03605009}"
EndProject
Project("{9A19103F-16F7-4668-BE54-9A1E7A4F7556}") = "AluraChallenge.Adopet.Application", "src\AluraChallenge.Adopet.Application\AluraChallenge.Adopet.Application.csproj", "{3F3002E7-3D58-4DAE-8B9D-54F4A675E0E0}"
EndProject
Project("{9A19103F-16F7-4668-BE54-9A1E7A4F7556}") = "AluraChallenge.Adopet.Core", "src\AluraChallenge.Adopet.Core\AluraChallenge.Adopet.Core.csproj", "{6D34FADF-521B-405C-9E20-387659C65E6F}"
EndProject
Project("{2150E333-8FDC-42A3-9474-1A3956D46DE8}") = "2-AdopetServices", "2-AdopetServices", "{3E7587B0-C15A-4ABF-A686-77A118A50711}"
EndProject
Project("{2150E333-8FDC-42A3-9474-1A3956D46DE8}") = "1-WebApps", "1-WebApps", "{83141CAD-CE31-43F1-B203-A3F8AE40B601}"
EndProject
Project("{9A19103F-16F7-4668-BE54-9A1E7A4F7556}") = "AluraChallenge.Adopet.WebAPI", "src\AluraChallenge.Adopet.WebAPI\AluraChallenge.Adopet.WebAPI.csproj", "{1A2F3411-9316-4825-A227-10230C50F2FE}"
EndProject
Project("{9A19103F-16F7-4668-BE54-9A1E7A4F7556}") = "AluraChallenge.Adopet.ApplicationQuery", "src\AluraChallenge.Adopet.ApplicationQuery\AluraChallenge.Adopet.ApplicationQuery.csproj", "{9BAECFBA-C7BD-4D37-ACD5-6D8D0F3B7576}"
EndProject
Project("{2150E333-8FDC-42A3-9474-1A3956D46DE8}") = "3-Tests", "3-Tests", "{5A87A45B-38CB-4D10-9DC2-4D0CB8FFAAAD}"
EndProject
Project("{9A19103F-16F7-4668-BE54-9A1E7A4F7556}") = "AluraChallenge.Adopet.Domain.Tests", "test\AluraChallenge.Adopet.Domain.Tests\AluraChallenge.Adopet.Domain.Tests.csproj", "{5046A2A5-8360-46B8-A33D-ACE276FFE4DD}"
EndProject
Project("{9A19103F-16F7-4668-BE54-9A1E7A4F7556}") = "AluraChallenge.Adopet.QueryModels", "src\AluraChallenge.Adopet.QueryModels\AluraChallenge.Adopet.QueryModels.csproj", "{1BBFDC9D-D44B-44D1-B068-0E7AA619B74F}"
EndProject
Project("{FAE04EC0-301F-11D3-BF4B-00C04F79EFBC}") = "AluraChallenge.Adopet.Authentication", "src\AluraChallenge.Adopet.Authentication\AluraChallenge.Adopet.Authentication.csproj", "{36D48499-1E9A-40F0-BA44-93A374B6CF4F}"
EndProject
Global
	GlobalSection(SolutionConfigurationPlatforms) = preSolution
		Debug|Any CPU = Debug|Any CPU
		Release|Any CPU = Release|Any CPU
	EndGlobalSection
	GlobalSection(ProjectConfigurationPlatforms) = postSolution
		{F1998DB7-F529-4FFD-8D21-3442E2488596}.Debug|Any CPU.ActiveCfg = Debug|Any CPU
		{F1998DB7-F529-4FFD-8D21-3442E2488596}.Debug|Any CPU.Build.0 = Debug|Any CPU
		{F1998DB7-F529-4FFD-8D21-3442E2488596}.Release|Any CPU.ActiveCfg = Release|Any CPU
		{F1998DB7-F529-4FFD-8D21-3442E2488596}.Release|Any CPU.Build.0 = Release|Any CPU
		{1F9B3458-A942-469A-9B92-4C0F03605009}.Debug|Any CPU.ActiveCfg = Debug|Any CPU
		{1F9B3458-A942-469A-9B92-4C0F03605009}.Debug|Any CPU.Build.0 = Debug|Any CPU
		{1F9B3458-A942-469A-9B92-4C0F03605009}.Release|Any CPU.ActiveCfg = Release|Any CPU
		{1F9B3458-A942-469A-9B92-4C0F03605009}.Release|Any CPU.Build.0 = Release|Any CPU
		{3F3002E7-3D58-4DAE-8B9D-54F4A675E0E0}.Debug|Any CPU.ActiveCfg = Debug|Any CPU
		{3F3002E7-3D58-4DAE-8B9D-54F4A675E0E0}.Debug|Any CPU.Build.0 = Debug|Any CPU
		{3F3002E7-3D58-4DAE-8B9D-54F4A675E0E0}.Release|Any CPU.ActiveCfg = Release|Any CPU
		{3F3002E7-3D58-4DAE-8B9D-54F4A675E0E0}.Release|Any CPU.Build.0 = Release|Any CPU
		{6D34FADF-521B-405C-9E20-387659C65E6F}.Debug|Any CPU.ActiveCfg = Debug|Any CPU
		{6D34FADF-521B-405C-9E20-387659C65E6F}.Debug|Any CPU.Build.0 = Debug|Any CPU
		{6D34FADF-521B-405C-9E20-387659C65E6F}.Release|Any CPU.ActiveCfg = Release|Any CPU
		{6D34FADF-521B-405C-9E20-387659C65E6F}.Release|Any CPU.Build.0 = Release|Any CPU
		{1A2F3411-9316-4825-A227-10230C50F2FE}.Debug|Any CPU.ActiveCfg = Debug|Any CPU
		{1A2F3411-9316-4825-A227-10230C50F2FE}.Debug|Any CPU.Build.0 = Debug|Any CPU
		{1A2F3411-9316-4825-A227-10230C50F2FE}.Release|Any CPU.ActiveCfg = Release|Any CPU
		{1A2F3411-9316-4825-A227-10230C50F2FE}.Release|Any CPU.Build.0 = Release|Any CPU
		{9BAECFBA-C7BD-4D37-ACD5-6D8D0F3B7576}.Debug|Any CPU.ActiveCfg = Debug|Any CPU
		{9BAECFBA-C7BD-4D37-ACD5-6D8D0F3B7576}.Debug|Any CPU.Build.0 = Debug|Any CPU
		{9BAECFBA-C7BD-4D37-ACD5-6D8D0F3B7576}.Release|Any CPU.ActiveCfg = Release|Any CPU
		{9BAECFBA-C7BD-4D37-ACD5-6D8D0F3B7576}.Release|Any CPU.Build.0 = Release|Any CPU
		{5046A2A5-8360-46B8-A33D-ACE276FFE4DD}.Debug|Any CPU.ActiveCfg = Debug|Any CPU
		{5046A2A5-8360-46B8-A33D-ACE276FFE4DD}.Debug|Any CPU.Build.0 = Debug|Any CPU
		{5046A2A5-8360-46B8-A33D-ACE276FFE4DD}.Release|Any CPU.ActiveCfg = Release|Any CPU
		{5046A2A5-8360-46B8-A33D-ACE276FFE4DD}.Release|Any CPU.Build.0 = Release|Any CPU
		{1BBFDC9D-D44B-44D1-B068-0E7AA619B74F}.Debug|Any CPU.ActiveCfg = Debug|Any CPU
		{1BBFDC9D-D44B-44D1-B068-0E7AA619B74F}.Debug|Any CPU.Build.0 = Debug|Any CPU
		{1BBFDC9D-D44B-44D1-B068-0E7AA619B74F}.Release|Any CPU.ActiveCfg = Release|Any CPU
		{1BBFDC9D-D44B-44D1-B068-0E7AA619B74F}.Release|Any CPU.Build.0 = Release|Any CPU
		{36D48499-1E9A-40F0-BA44-93A374B6CF4F}.Debug|Any CPU.ActiveCfg = Debug|Any CPU
		{36D48499-1E9A-40F0-BA44-93A374B6CF4F}.Debug|Any CPU.Build.0 = Debug|Any CPU
		{36D48499-1E9A-40F0-BA44-93A374B6CF4F}.Release|Any CPU.ActiveCfg = Release|Any CPU
		{36D48499-1E9A-40F0-BA44-93A374B6CF4F}.Release|Any CPU.Build.0 = Release|Any CPU
	EndGlobalSection
	GlobalSection(SolutionProperties) = preSolution
		HideSolutionNode = FALSE
	EndGlobalSection
	GlobalSection(NestedProjects) = preSolution
		{F1998DB7-F529-4FFD-8D21-3442E2488596} = {3E7587B0-C15A-4ABF-A686-77A118A50711}
		{1F9B3458-A942-469A-9B92-4C0F03605009} = {3E7587B0-C15A-4ABF-A686-77A118A50711}
		{3F3002E7-3D58-4DAE-8B9D-54F4A675E0E0} = {3E7587B0-C15A-4ABF-A686-77A118A50711}
		{6D34FADF-521B-405C-9E20-387659C65E6F} = {3E7587B0-C15A-4ABF-A686-77A118A50711}
		{1A2F3411-9316-4825-A227-10230C50F2FE} = {83141CAD-CE31-43F1-B203-A3F8AE40B601}
		{9BAECFBA-C7BD-4D37-ACD5-6D8D0F3B7576} = {3E7587B0-C15A-4ABF-A686-77A118A50711}
		{5046A2A5-8360-46B8-A33D-ACE276FFE4DD} = {5A87A45B-38CB-4D10-9DC2-4D0CB8FFAAAD}
		{1BBFDC9D-D44B-44D1-B068-0E7AA619B74F} = {3E7587B0-C15A-4ABF-A686-77A118A50711}
		{36D48499-1E9A-40F0-BA44-93A374B6CF4F} = {3E7587B0-C15A-4ABF-A686-77A118A50711}
	EndGlobalSection
	GlobalSection(ExtensibilityGlobals) = postSolution
		SolutionGuid = {D231B267-C5A4-4B34-A355-80F2EB0C17B8}
	EndGlobalSection
EndGlobal
